
Microsoft Visual Studio Solution File, Format Version 12.00
# Visual Studio Version 16
VisualStudioVersion = 16.0.30503.244
MinimumVisualStudioVersion = 10.0.40219.1
Project("{888888A0-9F3D-457C-B088-3A5042F75D52}") = "Lab 1", "Lab 1.pyproj", "{2935453F-2356-469D-9ADC-34C5F9D27360}"
EndProject
Global
	GlobalSection(SolutionConfigurationPlatforms) = preSolution
		Debug|Any CPU = Debug|Any CPU
		Release|Any CPU = Release|Any CPU
	EndGlobalSection
	GlobalSection(ProjectConfigurationPlatforms) = postSolution
		{2935453F-2356-469D-9ADC-34C5F9D27360}.Debug|Any CPU.ActiveCfg = Debug|Any CPU
		{2935453F-2356-469D-9ADC-34C5F9D27360}.Release|Any CPU.ActiveCfg = Release|Any CPU
	EndGlobalSection
	GlobalSection(SolutionProperties) = preSolution
		HideSolutionNode = FALSE
	EndGlobalSection
	GlobalSection(ExtensibilityGlobals) = postSolution
		SolutionGuid = {08A0FCC8-6D95-403A-8F1F-CEE58092975A}
	EndGlobalSection
EndGlobal
