
Microsoft Visual Studio Solution File, Format Version 12.00
# Visual Studio Version 16
VisualStudioVersion = 16.0.30503.244
MinimumVisualStudioVersion = 10.0.40219.1
Project("{888888A0-9F3D-457C-B088-3A5042F75D52}") = "Lab 1 Integer Classification", "Lab 1 Integer Classification.pyproj", "{D031524D-4149-4A2E-8D4C-72EDCE717B84}"
EndProject
Global
	GlobalSection(SolutionConfigurationPlatforms) = preSolution
		Debug|Any CPU = Debug|Any CPU
		Release|Any CPU = Release|Any CPU
	EndGlobalSection
	GlobalSection(ProjectConfigurationPlatforms) = postSolution
		{D031524D-4149-4A2E-8D4C-72EDCE717B84}.Debug|Any CPU.ActiveCfg = Debug|Any CPU
		{D031524D-4149-4A2E-8D4C-72EDCE717B84}.Release|Any CPU.ActiveCfg = Release|Any CPU
	EndGlobalSection
	GlobalSection(SolutionProperties) = preSolution
		HideSolutionNode = FALSE
	EndGlobalSection
	GlobalSection(ExtensibilityGlobals) = postSolution
		SolutionGuid = {D7EF79A0-9207-43C0-9A52-6E5EECB20914}
	EndGlobalSection
EndGlobal
