
Microsoft Visual Studio Solution File, Format Version 12.00
# Visual Studio Version 16
VisualStudioVersion = 16.0.30503.244
MinimumVisualStudioVersion = 10.0.40219.1
Project("{888888A0-9F3D-457C-B088-3A5042F75D52}") = "CSE15Lab3", "CSE15Lab3.pyproj", "{CD490721-7040-4034-A775-B9403F90A67C}"
EndProject
Global
	GlobalSection(SolutionConfigurationPlatforms) = preSolution
		Debug|Any CPU = Debug|Any CPU
		Release|Any CPU = Release|Any CPU
	EndGlobalSection
	GlobalSection(ProjectConfigurationPlatforms) = postSolution
		{CD490721-7040-4034-A775-B9403F90A67C}.Debug|Any CPU.ActiveCfg = Debug|Any CPU
		{CD490721-7040-4034-A775-B9403F90A67C}.Release|Any CPU.ActiveCfg = Release|Any CPU
	EndGlobalSection
	GlobalSection(SolutionProperties) = preSolution
		HideSolutionNode = FALSE
	EndGlobalSection
	GlobalSection(ExtensibilityGlobals) = postSolution
		SolutionGuid = {8368CBA8-0E39-4A48-934D-18282F230CE8}
	EndGlobalSection
EndGlobal
